{
  "nodes": {
    "home-manager": {
      "inputs": {
        "nixpkgs": [
          "nixpkgs"
        ]
      },
      "locked": {
        "lastModified": 1731604581,
        "narHash": "sha256-Qq2YZZaDTB3FZLWU/Hgh1uuWlUBl3cMLGB99bm7rFUM=",
        "owner": "nix-community",
        "repo": "home-manager",
        "rev": "1d0862ee2d7c6f6cd720d6f32213fa425004be10",
        "type": "github"
      },
      "original": {
        "owner": "nix-community",
        "repo": "home-manager",
        "type": "github"
      }
    },
    "nix-darwin": {
      "inputs": {
        "nixpkgs": [
          "nixpkgs"
        ]
      },
      "locked": {
        "lastModified": 1731454423,
        "narHash": "sha256-TtwvgFxUa0wyptLhQbKaixgNW1UXf3+TDqfX3Kp63oM=",
        "owner": "lnl7",
        "repo": "nix-darwin",
        "rev": "6c71c49e2448e51ad830ed211024e6d0edc50116",
        "type": "github"
      },
      "original": {
        "owner": "lnl7",
        "repo": "nix-darwin",
        "type": "github"
      }
    },
    "nixpkgs": {
      "locked": {
        "lastModified": 1731319897,
        "narHash": "sha256-PbABj4tnbWFMfBp6OcUK5iGy1QY+/Z96ZcLpooIbuEI=",
        "owner": "nixos",
        "repo": "nixpkgs",
        "rev": "dc460ec76cbff0e66e269457d7b728432263166c",
        "type": "github"
      },
      "original": {
        "owner": "nixos",
        "ref": "nixos-unstable",
        "repo": "nixpkgs",
        "type": "github"
      }
    },
    "nur": {
      "locked": {
        "lastModified": 1731606289,
        "narHash": "sha256-EuIVMbbItl54PYMy50E68Ie1rMz8XTjB7i47ov0p6PI=",
        "owner": "nix-community",
        "repo": "NUR",
        "rev": "1aca2021f991063b63370ca083de14219daf9f37",
        "type": "github"
      },
      "original": {
        "owner": "nix-community",
        "repo": "NUR",
        "type": "github"
      }
    },
    "nvchad-starter": {
      "flake": false,
      "locked": {
        "lastModified": 1728129783,
        "narHash": "sha256-SVpep7lVX0isYsUtscvgA7Ga3YXt/2jwQQCYkYadjiM=",
        "owner": "NvChad",
        "repo": "starter",
        "rev": "d0c602f5f155d4d1261609219e9b8a61e936d681",
        "type": "github"
      },
      "original": {
        "owner": "NvChad",
        "ref": "main",
        "repo": "starter",
        "type": "github"
      }
    },
    "nvchad4nix": {
      "inputs": {
        "nixpkgs": [
          "nixpkgs"
        ],
        "nvchad-starter": "nvchad-starter"
      },
      "locked": {
        "lastModified": 1731034194,
        "narHash": "sha256-4JV6ts3oc1CvqMze4K5jinkGAkLoux8WMt4ViGzze58=",
        "owner": "nix-community",
        "repo": "nix4nvchad",
        "rev": "070710659c2a220f81316d0eed353ebf721d9666",
        "type": "github"
      },
      "original": {
        "owner": "nix-community",
        "repo": "nix4nvchad",
        "type": "github"
      }
    },
    "root": {
      "inputs": {
        "home-manager": "home-manager",
        "nix-darwin": "nix-darwin",
        "nixpkgs": "nixpkgs",
        "nur": "nur",
        "nvchad4nix": "nvchad4nix",
        "rust-overlay": "rust-overlay"
      }
    },
    "rust-overlay": {
      "inputs": {
        "nixpkgs": [
          "nixpkgs"
        ]
      },
      "locked": {
        "lastModified": 1731551344,
        "narHash": "sha256-wr8OOqgw7M1pWfe4W7WA5lErzOVMg3zvrrxx/dy/nPo=",
        "owner": "oxalica",
        "repo": "rust-overlay",
        "rev": "27570abfd3461875f11fc07c9b01c141a6332b4f",
        "type": "github"
      },
      "original": {
        "owner": "oxalica",
        "repo": "rust-overlay",
        "type": "github"
      }
    }
  },
  "root": "root",
  "version": 7
}
